
Microsoft Visual Studio Solution File, Format Version 12.00
# Visual Studio Version 17
VisualStudioVersion = 17.0.32002.185
MinimumVisualStudioVersion = 10.0.40219.1
Project("{FAE04EC0-301F-11D3-BF4B-00C04F79EFBC}") = "InsuranceApp.Core", "InsuranceApp.Core\InsuranceApp.Core.csproj", "{0E5283E9-3CB2-45A8-AFA3-1BA368514F70}"
EndProject
Project("{FAE04EC0-301F-11D3-BF4B-00C04F79EFBC}") = "InsuranceApp.Application", "InsuranceApp.Application\InsuranceApp.Application.csproj", "{F690653A-69CB-4EF4-99E2-3C7DA3CC07DE}"
EndProject
Project("{FAE04EC0-301F-11D3-BF4B-00C04F79EFBC}") = "InsuranceApp.Infrastructure", "InsuranceApp.Infrastructure\InsuranceApp.Infrastructure.csproj", "{C5D5A904-9BBE-4A0E-BF8F-CB9E97497A23}"
EndProject
Project("{FAE04EC0-301F-11D3-BF4B-00C04F79EFBC}") = "InsuranceApp.API", "InsuranceApp.API\InsuranceApp.API.csproj", "{C4A83765-6873-409C-A755-D8F38CD5D879}"
EndProject
Project("{FAE04EC0-301F-11D3-BF4B-00C04F79EFBC}") = "InsuranceApp.Tests", "InsuranceApp.Tests\InsuranceApp.Tests.csproj", "{1F4DFEA8-71EC-445C-8C9D-984012B52C4B}"
EndProject
Global
	GlobalSection(SolutionConfigurationPlatforms) = preSolution
		Debug|Any CPU = Debug|Any CPU
		Release|Any CPU = Release|Any CPU
	EndGlobalSection
	GlobalSection(ProjectConfigurationPlatforms) = postSolution
		{0E5283E9-3CB2-45A8-AFA3-1BA368514F70}.Debug|Any CPU.ActiveCfg = Debug|Any CPU
		{0E5283E9-3CB2-45A8-AFA3-1BA368514F70}.Debug|Any CPU.Build.0 = Debug|Any CPU
		{0E5283E9-3CB2-45A8-AFA3-1BA368514F70}.Release|Any CPU.ActiveCfg = Release|Any CPU
		{0E5283E9-3CB2-45A8-AFA3-1BA368514F70}.Release|Any CPU.Build.0 = Release|Any CPU
		{F690653A-69CB-4EF4-99E2-3C7DA3CC07DE}.Debug|Any CPU.ActiveCfg = Debug|Any CPU
		{F690653A-69CB-4EF4-99E2-3C7DA3CC07DE}.Debug|Any CPU.Build.0 = Debug|Any CPU
		{F690653A-69CB-4EF4-99E2-3C7DA3CC07DE}.Release|Any CPU.ActiveCfg = Release|Any CPU
		{F690653A-69CB-4EF4-99E2-3C7DA3CC07DE}.Release|Any CPU.Build.0 = Release|Any CPU
		{C5D5A904-9BBE-4A0E-BF8F-CB9E97497A23}.Debug|Any CPU.ActiveCfg = Debug|Any CPU
		{C5D5A904-9BBE-4A0E-BF8F-CB9E97497A23}.Debug|Any CPU.Build.0 = Debug|Any CPU
		{C5D5A904-9BBE-4A0E-BF8F-CB9E97497A23}.Release|Any CPU.ActiveCfg = Release|Any CPU
		{C5D5A904-9BBE-4A0E-BF8F-CB9E97497A23}.Release|Any CPU.Build.0 = Release|Any CPU
		{C4A83765-6873-409C-A755-D8F38CD5D879}.Debug|Any CPU.ActiveCfg = Debug|Any CPU
		{C4A83765-6873-409C-A755-D8F38CD5D879}.Debug|Any CPU.Build.0 = Debug|Any CPU
		{C4A83765-6873-409C-A755-D8F38CD5D879}.Release|Any CPU.ActiveCfg = Release|Any CPU
		{C4A83765-6873-409C-A755-D8F38CD5D879}.Release|Any CPU.Build.0 = Release|Any CPU
		{1F4DFEA8-71EC-445C-8C9D-984012B52C4B}.Debug|Any CPU.ActiveCfg = Debug|Any CPU
		{1F4DFEA8-71EC-445C-8C9D-984012B52C4B}.Debug|Any CPU.Build.0 = Debug|Any CPU
		{1F4DFEA8-71EC-445C-8C9D-984012B52C4B}.Release|Any CPU.ActiveCfg = Release|Any CPU
		{1F4DFEA8-71EC-445C-8C9D-984012B52C4B}.Release|Any CPU.Build.0 = Release|Any CPU
	EndGlobalSection
	GlobalSection(SolutionProperties) = preSolution
		HideSolutionNode = FALSE
	EndGlobalSection
	GlobalSection(ExtensibilityGlobals) = postSolution
		SolutionGuid = {36B40B41-B51D-4AC3-B833-BA28DA21F74B}
	EndGlobalSection
EndGlobal
